
Microsoft Visual Studio Solution File, Format Version 12.00
# Visual Studio Version 17
VisualStudioVersion = 17.7.34024.191
MinimumVisualStudioVersion = 10.0.40219.1
Project("{FAE04EC0-301F-11D3-BF4B-00C04F79EFBC}") = "WinFormsApp5", "WinFormsApp5\WinFormsApp5.csproj", "{29999A1D-1026-4F95-B27C-5404B3D2C1BA}"
EndProject
Global
	GlobalSection(SolutionConfigurationPlatforms) = preSolution
		Debug|Any CPU = Debug|Any CPU
		Release|Any CPU = Release|Any CPU
	EndGlobalSection
	GlobalSection(ProjectConfigurationPlatforms) = postSolution
		{29999A1D-1026-4F95-B27C-5404B3D2C1BA}.Debug|Any CPU.ActiveCfg = Debug|Any CPU
		{29999A1D-1026-4F95-B27C-5404B3D2C1BA}.Debug|Any CPU.Build.0 = Debug|Any CPU
		{29999A1D-1026-4F95-B27C-5404B3D2C1BA}.Release|Any CPU.ActiveCfg = Release|Any CPU
		{29999A1D-1026-4F95-B27C-5404B3D2C1BA}.Release|Any CPU.Build.0 = Release|Any CPU
	EndGlobalSection
	GlobalSection(SolutionProperties) = preSolution
		HideSolutionNode = FALSE
	EndGlobalSection
	GlobalSection(ExtensibilityGlobals) = postSolution
		SolutionGuid = {50FAF26A-0FC7-430C-BBE3-C4D2D62F1306}
	EndGlobalSection
EndGlobal
